
Microsoft Visual Studio Solution File, Format Version 12.00
Project("{FAE04EC0-301F-11D3-BF4B-00C04F79EFBC}") = "Domain", "Domain\Domain.csproj", "{E0FAB633-EFFF-48DC-A77B-AF3FB4A1DBC4}"
EndProject
Project("{FAE04EC0-301F-11D3-BF4B-00C04F79EFBC}") = "Application", "Application\Application.csproj", "{6C5D3AD0-B828-4E50-B256-C08875A3A369}"
EndProject
Project("{2150E333-8FDC-42A3-9474-1A3956D46DE8}") = "tests", "tests", "{44888B54-026E-4A49-A564-D12F269B8996}"
EndProject
Project("{2150E333-8FDC-42A3-9474-1A3956D46DE8}") = "src", "src", "{23C3BC79-E76E-4DB9-B8A1-CA7B3ACDE684}"
EndProject
Project("{FAE04EC0-301F-11D3-BF4B-00C04F79EFBC}") = "Application.UnitTests", "Application.UnitTests\Application.UnitTests.csproj", "{05A6731B-A268-45AC-BD65-AE97A422976A}"
EndProject
Global
	GlobalSection(SolutionConfigurationPlatforms) = preSolution
		Debug|Any CPU = Debug|Any CPU
		Release|Any CPU = Release|Any CPU
	EndGlobalSection
	GlobalSection(ProjectConfigurationPlatforms) = postSolution
		{E0FAB633-EFFF-48DC-A77B-AF3FB4A1DBC4}.Debug|Any CPU.ActiveCfg = Debug|Any CPU
		{E0FAB633-EFFF-48DC-A77B-AF3FB4A1DBC4}.Debug|Any CPU.Build.0 = Debug|Any CPU
		{E0FAB633-EFFF-48DC-A77B-AF3FB4A1DBC4}.Release|Any CPU.ActiveCfg = Release|Any CPU
		{E0FAB633-EFFF-48DC-A77B-AF3FB4A1DBC4}.Release|Any CPU.Build.0 = Release|Any CPU
		{6C5D3AD0-B828-4E50-B256-C08875A3A369}.Debug|Any CPU.ActiveCfg = Debug|Any CPU
		{6C5D3AD0-B828-4E50-B256-C08875A3A369}.Debug|Any CPU.Build.0 = Debug|Any CPU
		{6C5D3AD0-B828-4E50-B256-C08875A3A369}.Release|Any CPU.ActiveCfg = Release|Any CPU
		{6C5D3AD0-B828-4E50-B256-C08875A3A369}.Release|Any CPU.Build.0 = Release|Any CPU
		{05A6731B-A268-45AC-BD65-AE97A422976A}.Debug|Any CPU.ActiveCfg = Debug|Any CPU
		{05A6731B-A268-45AC-BD65-AE97A422976A}.Debug|Any CPU.Build.0 = Debug|Any CPU
		{05A6731B-A268-45AC-BD65-AE97A422976A}.Release|Any CPU.ActiveCfg = Release|Any CPU
		{05A6731B-A268-45AC-BD65-AE97A422976A}.Release|Any CPU.Build.0 = Release|Any CPU
	EndGlobalSection
	GlobalSection(NestedProjects) = preSolution
		{6C5D3AD0-B828-4E50-B256-C08875A3A369} = {23C3BC79-E76E-4DB9-B8A1-CA7B3ACDE684}
		{E0FAB633-EFFF-48DC-A77B-AF3FB4A1DBC4} = {23C3BC79-E76E-4DB9-B8A1-CA7B3ACDE684}
		{05A6731B-A268-45AC-BD65-AE97A422976A} = {44888B54-026E-4A49-A564-D12F269B8996}
	EndGlobalSection
EndGlobal
